
Microsoft Visual Studio Solution File, Format Version 12.00
# Visual Studio 15
VisualStudioVersion = 15.0.27703.2018
MinimumVisualStudioVersion = 10.0.40219.1
Project("{FAE04EC0-301F-11D3-BF4B-00C04F79EFBC}") = "ConvertPdfToImage", "ConvertPdfToImage\ConvertPdfToImage.csproj", "{A99BA6A9-77E0-49B9-B6B9-8AB5304FAA3E}"
EndProject
Global
	GlobalSection(SolutionConfigurationPlatforms) = preSolution
		Debug|Any CPU = Debug|Any CPU
		Release|Any CPU = Release|Any CPU
	EndGlobalSection
	GlobalSection(ProjectConfigurationPlatforms) = postSolution
		{A99BA6A9-77E0-49B9-B6B9-8AB5304FAA3E}.Debug|Any CPU.ActiveCfg = Debug|Any CPU
		{A99BA6A9-77E0-49B9-B6B9-8AB5304FAA3E}.Debug|Any CPU.Build.0 = Debug|Any CPU
		{A99BA6A9-77E0-49B9-B6B9-8AB5304FAA3E}.Release|Any CPU.ActiveCfg = Release|Any CPU
		{A99BA6A9-77E0-49B9-B6B9-8AB5304FAA3E}.Release|Any CPU.Build.0 = Release|Any CPU
	EndGlobalSection
	GlobalSection(SolutionProperties) = preSolution
		HideSolutionNode = FALSE
	EndGlobalSection
	GlobalSection(ExtensibilityGlobals) = postSolution
		SolutionGuid = {DC13A007-4981-4F79-90E4-48A88F883B27}
	EndGlobalSection
EndGlobal
